
Microsoft Visual Studio Solution File, Format Version 12.00
# Visual Studio Version 17
VisualStudioVersion = 17.11.35312.102
MinimumVisualStudioVersion = 10.0.40219.1
Project("{FAE04EC0-301F-11D3-BF4B-00C04F79EFBC}") = "HelloWorld", "HelloWorld\HelloWorld.csproj", "{B1469906-69BD-4C66-93A9-22DF571EA5C8}"
EndProject
Global
	GlobalSection(SolutionConfigurationPlatforms) = preSolution
		Debug|Any CPU = Debug|Any CPU
		Release|Any CPU = Release|Any CPU
	EndGlobalSection
	GlobalSection(ProjectConfigurationPlatforms) = postSolution
		{B1469906-69BD-4C66-93A9-22DF571EA5C8}.Debug|Any CPU.ActiveCfg = Debug|Any CPU
		{B1469906-69BD-4C66-93A9-22DF571EA5C8}.Debug|Any CPU.Build.0 = Debug|Any CPU
		{B1469906-69BD-4C66-93A9-22DF571EA5C8}.Release|Any CPU.ActiveCfg = Release|Any CPU
		{B1469906-69BD-4C66-93A9-22DF571EA5C8}.Release|Any CPU.Build.0 = Release|Any CPU
	EndGlobalSection
	GlobalSection(SolutionProperties) = preSolution
		HideSolutionNode = FALSE
	EndGlobalSection
	GlobalSection(ExtensibilityGlobals) = postSolution
		SolutionGuid = {2D54915F-D51B-4C41-BF0B-4AF3366B3A1F}
	EndGlobalSection
EndGlobal
