
Microsoft Visual Studio Solution File, Format Version 12.00
# Visual Studio Version 17
VisualStudioVersion = 17.14.36212.18 d17.14
MinimumVisualStudioVersion = 10.0.40219.1
Project("{FAE04EC0-301F-11D3-BF4B-00C04F79EFBC}") = "BasicServer", "BasicServer\BasicServer.csproj", "{EBF66FDE-B724-4CBC-8664-3C707BCDF40A}"
EndProject
Global
	GlobalSection(SolutionConfigurationPlatforms) = preSolution
		Debug|Any CPU = Debug|Any CPU
		Release|Any CPU = Release|Any CPU
	EndGlobalSection
	GlobalSection(ProjectConfigurationPlatforms) = postSolution
		{EBF66FDE-B724-4CBC-8664-3C707BCDF40A}.Debug|Any CPU.ActiveCfg = Debug|Any CPU
		{EBF66FDE-B724-4CBC-8664-3C707BCDF40A}.Debug|Any CPU.Build.0 = Debug|Any CPU
		{EBF66FDE-B724-4CBC-8664-3C707BCDF40A}.Release|Any CPU.ActiveCfg = Release|Any CPU
		{EBF66FDE-B724-4CBC-8664-3C707BCDF40A}.Release|Any CPU.Build.0 = Release|Any CPU
	EndGlobalSection
	GlobalSection(SolutionProperties) = preSolution
		HideSolutionNode = FALSE
	EndGlobalSection
	GlobalSection(ExtensibilityGlobals) = postSolution
		SolutionGuid = {11C13534-58A1-42B1-8F57-2CB1698625A8}
	EndGlobalSection
EndGlobal
